
Microsoft Visual Studio Solution File, Format Version 12.00
# Visual Studio Version 16
VisualStudioVersion = 16.0.29306.81
MinimumVisualStudioVersion = 10.0.40219.1
Project("{FAE04EC0-301F-11D3-BF4B-00C04F79EFBC}") = "ManagerFPTs", "ManagerFPTs\ManagerFPTs.csproj", "{19613350-ABFE-4DE0-A190-C888355FFF7D}"
EndProject
Global
	GlobalSection(SolutionConfigurationPlatforms) = preSolution
		Debug|Any CPU = Debug|Any CPU
		Release|Any CPU = Release|Any CPU
	EndGlobalSection
	GlobalSection(ProjectConfigurationPlatforms) = postSolution
		{19613350-ABFE-4DE0-A190-C888355FFF7D}.Debug|Any CPU.ActiveCfg = Debug|Any CPU
		{19613350-ABFE-4DE0-A190-C888355FFF7D}.Debug|Any CPU.Build.0 = Debug|Any CPU
		{19613350-ABFE-4DE0-A190-C888355FFF7D}.Release|Any CPU.ActiveCfg = Release|Any CPU
		{19613350-ABFE-4DE0-A190-C888355FFF7D}.Release|Any CPU.Build.0 = Release|Any CPU
	EndGlobalSection
	GlobalSection(SolutionProperties) = preSolution
		HideSolutionNode = FALSE
	EndGlobalSection
	GlobalSection(ExtensibilityGlobals) = postSolution
		SolutionGuid = {8DD20D2F-B3CF-4684-853F-7CEE65C6DDCA}
	EndGlobalSection
EndGlobal
